
Microsoft Visual Studio Solution File, Format Version 12.00
# Visual Studio 15
VisualStudioVersion = 15.0.27004.2005
MinimumVisualStudioVersion = 10.0.40219.1
Project("{2150E333-8FDC-42A3-9474-1A3956D46DE8}") = "Solution Items", "Solution Items", "{D456FC64-C650-4D73-A1DF-E24E942B572C}"
EndProject
Project("{2150E333-8FDC-42A3-9474-1A3956D46DE8}") = "db", "db", "{5C53C6A7-753E-4D20-B899-9E7D911C9CF6}"
EndProject
Project("{2150E333-8FDC-42A3-9474-1A3956D46DE8}") = "test", "test", "{7A217C59-3D11-4373-94CB-3CC14B31EB81}"
EndProject
Project("{2150E333-8FDC-42A3-9474-1A3956D46DE8}") = "src", "src", "{BE002FE5-EA5D-42D5-B06C-23F0A06B2665}"
EndProject
Project("{2150E333-8FDC-42A3-9474-1A3956D46DE8}") = "services", "services", "{6BA54EDF-1F62-40F8-914E-BE956C9945B8}"
EndProject
Project("{2150E333-8FDC-42A3-9474-1A3956D46DE8}") = "webapps", "webapps", "{9B4C6545-2BDC-4152-B176-1586986B7642}"
EndProject
Project("{9A19103F-16F7-4668-BE54-9A1E7A4F7556}") = "Tennista.WebSPA", "src\web\Tennista.WebSPA\Tennista.WebSPA.csproj", "{CF31561E-7CF0-4462-8C50-5550E8921227}"
EndProject
Project("{00D1A9C2-B5F0-4AF3-8072-F6C62B433612}") = "Tennista.Database", "db\Tennista.Database\Tennista.Database.sqlproj", "{D58BEBC4-4FCE-4C23-90B2-3300CA4F72D5}"
EndProject
Project("{2150E333-8FDC-42A3-9474-1A3956D46DE8}") = "common", "common", "{8B9162E9-F05B-4BF3-85C0-915ED4EAE3C0}"
EndProject
Project("{E53339B2-1760-4266-BCC7-CA923CBCF16C}") = "docker-compose", "docker-compose.dcproj", "{3AE7F553-77B0-4F59-86F5-38A2E56BAEA4}"
EndProject
Project("{9A19103F-16F7-4668-BE54-9A1E7A4F7556}") = "Tennista.Model", "src\common\Tennista.Model\Tennista.Model.csproj", "{59663E15-06E8-443F-B928-2065BC3B994E}"
EndProject
Project("{9A19103F-16F7-4668-BE54-9A1E7A4F7556}") = "Tennista.WebAPI", "src\services\Tennista.WebAPI\Tennista.WebAPI.csproj", "{19AA3377-A6D7-42C3-98EA-683AB38A451A}"
EndProject
Project("{9A19103F-16F7-4668-BE54-9A1E7A4F7556}") = "Tennista.Data", "src\common\Tennista.Data\Tennista.Data.csproj", "{B55C7FBB-49D3-4C8B-92B5-774D40CE8933}"
EndProject
Project("{159641D6-6404-4A2A-AE62-294DE0FE8301}") = "Tennista.ETL", "db\Tennista.ETL\Tennista.ETL.dtproj", "{1E02400E-A948-4DA9-A62A-E71D4AF293AE}"
EndProject
Global
	GlobalSection(SolutionConfigurationPlatforms) = preSolution
		Debug|Any CPU = Debug|Any CPU
		Development|Any CPU = Development|Any CPU
		Release|Any CPU = Release|Any CPU
	EndGlobalSection
	GlobalSection(ProjectConfigurationPlatforms) = postSolution
		{CF31561E-7CF0-4462-8C50-5550E8921227}.Debug|Any CPU.ActiveCfg = Debug|Any CPU
		{CF31561E-7CF0-4462-8C50-5550E8921227}.Debug|Any CPU.Build.0 = Debug|Any CPU
		{CF31561E-7CF0-4462-8C50-5550E8921227}.Development|Any CPU.ActiveCfg = Debug|Any CPU
		{CF31561E-7CF0-4462-8C50-5550E8921227}.Development|Any CPU.Build.0 = Debug|Any CPU
		{CF31561E-7CF0-4462-8C50-5550E8921227}.Release|Any CPU.ActiveCfg = Release|Any CPU
		{CF31561E-7CF0-4462-8C50-5550E8921227}.Release|Any CPU.Build.0 = Release|Any CPU
		{D58BEBC4-4FCE-4C23-90B2-3300CA4F72D5}.Debug|Any CPU.ActiveCfg = Debug|Any CPU
		{D58BEBC4-4FCE-4C23-90B2-3300CA4F72D5}.Debug|Any CPU.Build.0 = Debug|Any CPU
		{D58BEBC4-4FCE-4C23-90B2-3300CA4F72D5}.Debug|Any CPU.Deploy.0 = Debug|Any CPU
		{D58BEBC4-4FCE-4C23-90B2-3300CA4F72D5}.Development|Any CPU.ActiveCfg = Debug|Any CPU
		{D58BEBC4-4FCE-4C23-90B2-3300CA4F72D5}.Development|Any CPU.Build.0 = Debug|Any CPU
		{D58BEBC4-4FCE-4C23-90B2-3300CA4F72D5}.Development|Any CPU.Deploy.0 = Debug|Any CPU
		{D58BEBC4-4FCE-4C23-90B2-3300CA4F72D5}.Release|Any CPU.ActiveCfg = Release|Any CPU
		{D58BEBC4-4FCE-4C23-90B2-3300CA4F72D5}.Release|Any CPU.Build.0 = Release|Any CPU
		{D58BEBC4-4FCE-4C23-90B2-3300CA4F72D5}.Release|Any CPU.Deploy.0 = Release|Any CPU
		{3AE7F553-77B0-4F59-86F5-38A2E56BAEA4}.Debug|Any CPU.ActiveCfg = Debug|Any CPU
		{3AE7F553-77B0-4F59-86F5-38A2E56BAEA4}.Debug|Any CPU.Build.0 = Debug|Any CPU
		{3AE7F553-77B0-4F59-86F5-38A2E56BAEA4}.Development|Any CPU.ActiveCfg = Debug|Any CPU
		{3AE7F553-77B0-4F59-86F5-38A2E56BAEA4}.Development|Any CPU.Build.0 = Debug|Any CPU
		{3AE7F553-77B0-4F59-86F5-38A2E56BAEA4}.Release|Any CPU.ActiveCfg = Release|Any CPU
		{3AE7F553-77B0-4F59-86F5-38A2E56BAEA4}.Release|Any CPU.Build.0 = Release|Any CPU
		{59663E15-06E8-443F-B928-2065BC3B994E}.Debug|Any CPU.ActiveCfg = Debug|Any CPU
		{59663E15-06E8-443F-B928-2065BC3B994E}.Debug|Any CPU.Build.0 = Debug|Any CPU
		{59663E15-06E8-443F-B928-2065BC3B994E}.Development|Any CPU.ActiveCfg = Debug|Any CPU
		{59663E15-06E8-443F-B928-2065BC3B994E}.Development|Any CPU.Build.0 = Debug|Any CPU
		{59663E15-06E8-443F-B928-2065BC3B994E}.Release|Any CPU.ActiveCfg = Release|Any CPU
		{59663E15-06E8-443F-B928-2065BC3B994E}.Release|Any CPU.Build.0 = Release|Any CPU
		{19AA3377-A6D7-42C3-98EA-683AB38A451A}.Debug|Any CPU.ActiveCfg = Debug|Any CPU
		{19AA3377-A6D7-42C3-98EA-683AB38A451A}.Debug|Any CPU.Build.0 = Debug|Any CPU
		{19AA3377-A6D7-42C3-98EA-683AB38A451A}.Development|Any CPU.ActiveCfg = Debug|Any CPU
		{19AA3377-A6D7-42C3-98EA-683AB38A451A}.Development|Any CPU.Build.0 = Debug|Any CPU
		{19AA3377-A6D7-42C3-98EA-683AB38A451A}.Release|Any CPU.ActiveCfg = Release|Any CPU
		{19AA3377-A6D7-42C3-98EA-683AB38A451A}.Release|Any CPU.Build.0 = Release|Any CPU
		{B55C7FBB-49D3-4C8B-92B5-774D40CE8933}.Debug|Any CPU.ActiveCfg = Debug|Any CPU
		{B55C7FBB-49D3-4C8B-92B5-774D40CE8933}.Debug|Any CPU.Build.0 = Debug|Any CPU
		{B55C7FBB-49D3-4C8B-92B5-774D40CE8933}.Development|Any CPU.ActiveCfg = Debug|Any CPU
		{B55C7FBB-49D3-4C8B-92B5-774D40CE8933}.Development|Any CPU.Build.0 = Debug|Any CPU
		{B55C7FBB-49D3-4C8B-92B5-774D40CE8933}.Release|Any CPU.ActiveCfg = Release|Any CPU
		{B55C7FBB-49D3-4C8B-92B5-774D40CE8933}.Release|Any CPU.Build.0 = Release|Any CPU
		{1E02400E-A948-4DA9-A62A-E71D4AF293AE}.Debug|Any CPU.ActiveCfg = Development
		{1E02400E-A948-4DA9-A62A-E71D4AF293AE}.Debug|Any CPU.Build.0 = Development
		{1E02400E-A948-4DA9-A62A-E71D4AF293AE}.Development|Any CPU.ActiveCfg = Development
		{1E02400E-A948-4DA9-A62A-E71D4AF293AE}.Development|Any CPU.Build.0 = Development
		{1E02400E-A948-4DA9-A62A-E71D4AF293AE}.Release|Any CPU.ActiveCfg = Development
		{1E02400E-A948-4DA9-A62A-E71D4AF293AE}.Release|Any CPU.Build.0 = Development
	EndGlobalSection
	GlobalSection(SolutionProperties) = preSolution
		HideSolutionNode = FALSE
	EndGlobalSection
	GlobalSection(NestedProjects) = preSolution
		{6BA54EDF-1F62-40F8-914E-BE956C9945B8} = {BE002FE5-EA5D-42D5-B06C-23F0A06B2665}
		{9B4C6545-2BDC-4152-B176-1586986B7642} = {BE002FE5-EA5D-42D5-B06C-23F0A06B2665}
		{CF31561E-7CF0-4462-8C50-5550E8921227} = {9B4C6545-2BDC-4152-B176-1586986B7642}
		{D58BEBC4-4FCE-4C23-90B2-3300CA4F72D5} = {5C53C6A7-753E-4D20-B899-9E7D911C9CF6}
		{8B9162E9-F05B-4BF3-85C0-915ED4EAE3C0} = {BE002FE5-EA5D-42D5-B06C-23F0A06B2665}
		{59663E15-06E8-443F-B928-2065BC3B994E} = {8B9162E9-F05B-4BF3-85C0-915ED4EAE3C0}
		{19AA3377-A6D7-42C3-98EA-683AB38A451A} = {6BA54EDF-1F62-40F8-914E-BE956C9945B8}
		{B55C7FBB-49D3-4C8B-92B5-774D40CE8933} = {8B9162E9-F05B-4BF3-85C0-915ED4EAE3C0}
		{1E02400E-A948-4DA9-A62A-E71D4AF293AE} = {5C53C6A7-753E-4D20-B899-9E7D911C9CF6}
	EndGlobalSection
	GlobalSection(ExtensibilityGlobals) = postSolution
		SolutionGuid = {26CDB909-9152-4779-BC8F-4E018F8AB894}
	EndGlobalSection
EndGlobal
